
Microsoft Visual Studio Solution File, Format Version 12.00
# Visual Studio Version 16
VisualStudioVersion = 16.0.31729.503
MinimumVisualStudioVersion = 10.0.40219.1
Project("{9A19103F-16F7-4668-BE54-9A1E7A4F7556}") = "API", "API\API.csproj", "{E260BBF2-34E3-41CB-BC6D-D30C13ED278B}"
EndProject
Project("{FAE04EC0-301F-11D3-BF4B-00C04F79EFBC}") = "Core", "Core\Core.csproj", "{45851772-4456-4721-B9E7-936A6E2968C1}"
EndProject
Project("{FAE04EC0-301F-11D3-BF4B-00C04F79EFBC}") = "Infrastructure", "Infrastructure\Infrastructure.csproj", "{FD6938AF-9980-421B-9721-C99839EF0C95}"
EndProject
Global
	GlobalSection(SolutionConfigurationPlatforms) = preSolution
		Debug|Any CPU = Debug|Any CPU
		Release|Any CPU = Release|Any CPU
	EndGlobalSection
	GlobalSection(ProjectConfigurationPlatforms) = postSolution
		{E260BBF2-34E3-41CB-BC6D-D30C13ED278B}.Debug|Any CPU.ActiveCfg = Debug|Any CPU
		{E260BBF2-34E3-41CB-BC6D-D30C13ED278B}.Debug|Any CPU.Build.0 = Debug|Any CPU
		{E260BBF2-34E3-41CB-BC6D-D30C13ED278B}.Release|Any CPU.ActiveCfg = Release|Any CPU
		{E260BBF2-34E3-41CB-BC6D-D30C13ED278B}.Release|Any CPU.Build.0 = Release|Any CPU
		{45851772-4456-4721-B9E7-936A6E2968C1}.Debug|Any CPU.ActiveCfg = Debug|Any CPU
		{45851772-4456-4721-B9E7-936A6E2968C1}.Debug|Any CPU.Build.0 = Debug|Any CPU
		{45851772-4456-4721-B9E7-936A6E2968C1}.Release|Any CPU.ActiveCfg = Release|Any CPU
		{45851772-4456-4721-B9E7-936A6E2968C1}.Release|Any CPU.Build.0 = Release|Any CPU
		{FD6938AF-9980-421B-9721-C99839EF0C95}.Debug|Any CPU.ActiveCfg = Debug|Any CPU
		{FD6938AF-9980-421B-9721-C99839EF0C95}.Debug|Any CPU.Build.0 = Debug|Any CPU
		{FD6938AF-9980-421B-9721-C99839EF0C95}.Release|Any CPU.ActiveCfg = Release|Any CPU
		{FD6938AF-9980-421B-9721-C99839EF0C95}.Release|Any CPU.Build.0 = Release|Any CPU
	EndGlobalSection
	GlobalSection(SolutionProperties) = preSolution
		HideSolutionNode = FALSE
	EndGlobalSection
	GlobalSection(ExtensibilityGlobals) = postSolution
		SolutionGuid = {41F376FD-2CBE-487D-B4FA-0816816F252D}
	EndGlobalSection
EndGlobal
